
Microsoft Visual Studio Solution File, Format Version 9.00
# Visual Studio 2005
Project("{FAE04EC0-301F-11D3-BF4B-00C04F79EFBC}") = "MyBlock", "MyBlock\MyBlock.csproj", "{832501E5-FC56-4877-B266-211E77E88C25}"
EndProject
Global
	GlobalSection(SolutionConfigurationPlatforms) = preSolution
		Debug|Any CPU = Debug|Any CPU
		Release|Any CPU = Release|Any CPU
	EndGlobalSection
	GlobalSection(ProjectConfigurationPlatforms) = postSolution
		{832501E5-FC56-4877-B266-211E77E88C25}.Debug|Any CPU.ActiveCfg = Debug|Any CPU
		{832501E5-FC56-4877-B266-211E77E88C25}.Debug|Any CPU.Build.0 = Debug|Any CPU
		{832501E5-FC56-4877-B266-211E77E88C25}.Release|Any CPU.ActiveCfg = Release|Any CPU
		{832501E5-FC56-4877-B266-211E77E88C25}.Release|Any CPU.Build.0 = Release|Any CPU
	EndGlobalSection
	GlobalSection(SolutionProperties) = preSolution
		HideSolutionNode = FALSE
	EndGlobalSection
EndGlobal
